{
  "requires": true,
  "lockfileVersion": 1,
  "dependencies": {
    "dark-mode-toggle": {
      "version": "0.7.1",
      "resolved": "https://registry.npmjs.org/dark-mode-toggle/-/dark-mode-toggle-0.7.1.tgz",
      "integrity": "sha512-XNRNI+Les2JDjurUKJXIUwZMiQ9nlLcrcJ3pg/a/knfXRn1c0TwzBmIHoc7mvVHwhNaikkFlLFdi6qn7m4WRBw=="
    }
  }
}
